
Microsoft Visual Studio Solution File, Format Version 12.00
# Visual Studio Version 17
VisualStudioVersion = 17.3.32929.385
MinimumVisualStudioVersion = 10.0.40219.1
Project("{9A19103F-16F7-4668-BE54-9A1E7A4F7556}") = "my-new-app", "my-new-app.csproj", "{60E2AF7C-02F3-4F28-860A-0A60FE2F9E95}"
EndProject
Project("{FAE04EC0-301F-11D3-BF4B-00C04F79EFBC}") = "ApplicationServices", "..\ApplicationServices\ApplicationServices.csproj", "{F34673BD-FB98-4A2E-B6B0-A5475A205159}"
EndProject
Project("{FAE04EC0-301F-11D3-BF4B-00C04F79EFBC}") = "Common", "..\Common\Common.csproj", "{ABEED2D0-6730-4707-B3EC-80CE0A8F9D95}"
EndProject
Global
	GlobalSection(SolutionConfigurationPlatforms) = preSolution
		Debug|Any CPU = Debug|Any CPU
		Release|Any CPU = Release|Any CPU
	EndGlobalSection
	GlobalSection(ProjectConfigurationPlatforms) = postSolution
		{60E2AF7C-02F3-4F28-860A-0A60FE2F9E95}.Debug|Any CPU.ActiveCfg = Debug|Any CPU
		{60E2AF7C-02F3-4F28-860A-0A60FE2F9E95}.Debug|Any CPU.Build.0 = Debug|Any CPU
		{60E2AF7C-02F3-4F28-860A-0A60FE2F9E95}.Release|Any CPU.ActiveCfg = Release|Any CPU
		{60E2AF7C-02F3-4F28-860A-0A60FE2F9E95}.Release|Any CPU.Build.0 = Release|Any CPU
		{F34673BD-FB98-4A2E-B6B0-A5475A205159}.Debug|Any CPU.ActiveCfg = Debug|Any CPU
		{F34673BD-FB98-4A2E-B6B0-A5475A205159}.Debug|Any CPU.Build.0 = Debug|Any CPU
		{F34673BD-FB98-4A2E-B6B0-A5475A205159}.Release|Any CPU.ActiveCfg = Release|Any CPU
		{F34673BD-FB98-4A2E-B6B0-A5475A205159}.Release|Any CPU.Build.0 = Release|Any CPU
		{ABEED2D0-6730-4707-B3EC-80CE0A8F9D95}.Debug|Any CPU.ActiveCfg = Debug|Any CPU
		{ABEED2D0-6730-4707-B3EC-80CE0A8F9D95}.Debug|Any CPU.Build.0 = Debug|Any CPU
		{ABEED2D0-6730-4707-B3EC-80CE0A8F9D95}.Release|Any CPU.ActiveCfg = Release|Any CPU
		{ABEED2D0-6730-4707-B3EC-80CE0A8F9D95}.Release|Any CPU.Build.0 = Release|Any CPU
	EndGlobalSection
	GlobalSection(SolutionProperties) = preSolution
		HideSolutionNode = FALSE
	EndGlobalSection
	GlobalSection(ExtensibilityGlobals) = postSolution
		SolutionGuid = {1F861075-F1C7-4F2F-B6C1-D8BCFCE1E6F8}
	EndGlobalSection
EndGlobal
