
Microsoft Visual Studio Solution File, Format Version 12.00
# Visual Studio Version 17
VisualStudioVersion = 17.3.32929.385
MinimumVisualStudioVersion = 10.0.40219.1
Project("{9A19103F-16F7-4668-BE54-9A1E7A4F7556}") = "Common", "Common\Common.csproj", "{4E506F51-37E8-467C-8C66-08D014464EB3}"
EndProject
Project("{9A19103F-16F7-4668-BE54-9A1E7A4F7556}") = "ApplicationServices", "ApplicationServices\ApplicationServices.csproj", "{712EBC71-4962-4D23-A0A3-E9A437A03523}"
EndProject
Project("{9A19103F-16F7-4668-BE54-9A1E7A4F7556}") = "WebApi", "Web Api\WebApi.csproj", "{CF16E79B-539E-4BE2-BBEE-9AF35026FB0F}"
EndProject
Global
	GlobalSection(SolutionConfigurationPlatforms) = preSolution
		Debug|Any CPU = Debug|Any CPU
		Release|Any CPU = Release|Any CPU
	EndGlobalSection
	GlobalSection(ProjectConfigurationPlatforms) = postSolution
		{4E506F51-37E8-467C-8C66-08D014464EB3}.Debug|Any CPU.ActiveCfg = Debug|Any CPU
		{4E506F51-37E8-467C-8C66-08D014464EB3}.Debug|Any CPU.Build.0 = Debug|Any CPU
		{4E506F51-37E8-467C-8C66-08D014464EB3}.Release|Any CPU.ActiveCfg = Release|Any CPU
		{4E506F51-37E8-467C-8C66-08D014464EB3}.Release|Any CPU.Build.0 = Release|Any CPU
		{712EBC71-4962-4D23-A0A3-E9A437A03523}.Debug|Any CPU.ActiveCfg = Debug|Any CPU
		{712EBC71-4962-4D23-A0A3-E9A437A03523}.Debug|Any CPU.Build.0 = Debug|Any CPU
		{712EBC71-4962-4D23-A0A3-E9A437A03523}.Release|Any CPU.ActiveCfg = Release|Any CPU
		{712EBC71-4962-4D23-A0A3-E9A437A03523}.Release|Any CPU.Build.0 = Release|Any CPU
		{CF16E79B-539E-4BE2-BBEE-9AF35026FB0F}.Debug|Any CPU.ActiveCfg = Debug|Any CPU
		{CF16E79B-539E-4BE2-BBEE-9AF35026FB0F}.Debug|Any CPU.Build.0 = Debug|Any CPU
		{CF16E79B-539E-4BE2-BBEE-9AF35026FB0F}.Release|Any CPU.ActiveCfg = Release|Any CPU
		{CF16E79B-539E-4BE2-BBEE-9AF35026FB0F}.Release|Any CPU.Build.0 = Release|Any CPU
	EndGlobalSection
	GlobalSection(SolutionProperties) = preSolution
		HideSolutionNode = FALSE
	EndGlobalSection
	GlobalSection(ExtensibilityGlobals) = postSolution
		SolutionGuid = {1F861075-F1C7-4F2F-B6C1-D8BCFCE1E6F8}
	EndGlobalSection
EndGlobal
